
Microsoft Visual Studio Solution File, Format Version 12.00
# Visual Studio Version 16
VisualStudioVersion = 25.0.1705.0
MinimumVisualStudioVersion = 10.0.40219.1
Project("{FAE04EC0-301F-11D3-BF4B-00C04F79EFBC}") = "Build", "frosting\Build\Build.csproj", "{C42118D4-289C-42EE-9A65-AB7434B97AD5}"
EndProject
Project("{FAE04EC0-301F-11D3-BF4B-00C04F79EFBC}") = "Gradle.Binderator", "frosting\Gradle.Binderator\Gradle.Binderator.csproj", "{D2483568-CAB0-4946-8D2E-02AEB0D02320}"
EndProject
Global
	GlobalSection(SolutionConfigurationPlatforms) = preSolution
		Debug|Any CPU = Debug|Any CPU
		Release|Any CPU = Release|Any CPU
	EndGlobalSection
	GlobalSection(ProjectConfigurationPlatforms) = postSolution
		{C42118D4-289C-42EE-9A65-AB7434B97AD5}.Debug|Any CPU.ActiveCfg = Debug|Any CPU
		{C42118D4-289C-42EE-9A65-AB7434B97AD5}.Debug|Any CPU.Build.0 = Debug|Any CPU
		{C42118D4-289C-42EE-9A65-AB7434B97AD5}.Release|Any CPU.ActiveCfg = Release|Any CPU
		{C42118D4-289C-42EE-9A65-AB7434B97AD5}.Release|Any CPU.Build.0 = Release|Any CPU
		{D2483568-CAB0-4946-8D2E-02AEB0D02320}.Debug|Any CPU.ActiveCfg = Debug|Any CPU
		{D2483568-CAB0-4946-8D2E-02AEB0D02320}.Debug|Any CPU.Build.0 = Debug|Any CPU
		{D2483568-CAB0-4946-8D2E-02AEB0D02320}.Release|Any CPU.ActiveCfg = Release|Any CPU
		{D2483568-CAB0-4946-8D2E-02AEB0D02320}.Release|Any CPU.Build.0 = Release|Any CPU
	EndGlobalSection
	GlobalSection(SolutionProperties) = preSolution
		HideSolutionNode = FALSE
	EndGlobalSection
	GlobalSection(ExtensibilityGlobals) = postSolution
		SolutionGuid = {E62A69BC-6E0F-47DB-A2CC-D29EA78D63BD}
	EndGlobalSection
EndGlobal
