// !$*UTF8*$!
{
	archiveVersion = 1;
	classes = {
	};
	objectVersion = 56;
	objects = {

/* Begin PBXBuildFile section */
		185B90DCBD75C0549F0C50A1 /* Pods_TVAmazonFreeRTOS.framework in Frameworks */ = {isa = PBXBuildFile; fileRef = 87430413B1D69FDEDD8CAEBF /* Pods_TVAmazonFreeRTOS.framework */; };
		23E3C38D29B2512E008BC7BB /* TVAmazonFreeRTOSApp.swift in Sources */ = {isa = PBXBuildFile; fileRef = 23E3C38C29B2512E008BC7BB /* TVAmazonFreeRTOSApp.swift */; };
		23E3C38F29B2512E008BC7BB /* ContentView.swift in Sources */ = {isa = PBXBuildFile; fileRef = 23E3C38E29B2512E008BC7BB /* ContentView.swift */; };
		23E3C39129B25130008BC7BB /* Assets.xcassets in Resources */ = {isa = PBXBuildFile; fileRef = 23E3C39029B25130008BC7BB /* Assets.xcassets */; };
		23E3C39429B25130008BC7BB /* Preview Assets.xcassets in Resources */ = {isa = PBXBuildFile; fileRef = 23E3C39329B25130008BC7BB /* Preview Assets.xcassets */; };
/* End PBXBuildFile section */

/* Begin PBXFileReference section */
		23E3C38929B2512E008BC7BB /* TVAmazonFreeRTOS.app */ = {isa = PBXFileReference; explicitFileType = wrapper.application; includeInIndex = 0; path = TVAmazonFreeRTOS.app; sourceTree = BUILT_PRODUCTS_DIR; };
		23E3C38C29B2512E008BC7BB /* TVAmazonFreeRTOSApp.swift */ = {isa = PBXFileReference; lastKnownFileType = sourcecode.swift; path = TVAmazonFreeRTOSApp.swift; sourceTree = "<group>"; };
		23E3C38E29B2512E008BC7BB /* ContentView.swift */ = {isa = PBXFileReference; lastKnownFileType = sourcecode.swift; path = ContentView.swift; sourceTree = "<group>"; };
		23E3C39029B25130008BC7BB /* Assets.xcassets */ = {isa = PBXFileReference; lastKnownFileType = folder.assetcatalog; path = Assets.xcassets; sourceTree = "<group>"; };
		23E3C39329B25130008BC7BB /* Preview Assets.xcassets */ = {isa = PBXFileReference; lastKnownFileType = folder.assetcatalog; path = "Preview Assets.xcassets"; sourceTree = "<group>"; };
		58A3B1016DAF4F141CB7AFD0 /* Pods-TVAmazonFreeRTOS.release.xcconfig */ = {isa = PBXFileReference; includeInIndex = 1; lastKnownFileType = text.xcconfig; name = "Pods-TVAmazonFreeRTOS.release.xcconfig"; path = "Target Support Files/Pods-TVAmazonFreeRTOS/Pods-TVAmazonFreeRTOS.release.xcconfig"; sourceTree = "<group>"; };
		87430413B1D69FDEDD8CAEBF /* Pods_TVAmazonFreeRTOS.framework */ = {isa = PBXFileReference; explicitFileType = wrapper.framework; includeInIndex = 0; path = Pods_TVAmazonFreeRTOS.framework; sourceTree = BUILT_PRODUCTS_DIR; };
		CD0EF33ED7B1FE2ADAEC93F1 /* Pods-TVAmazonFreeRTOS.debug.xcconfig */ = {isa = PBXFileReference; includeInIndex = 1; lastKnownFileType = text.xcconfig; name = "Pods-TVAmazonFreeRTOS.debug.xcconfig"; path = "Target Support Files/Pods-TVAmazonFreeRTOS/Pods-TVAmazonFreeRTOS.debug.xcconfig"; sourceTree = "<group>"; };
/* End PBXFileReference section */

/* Begin PBXFrameworksBuildPhase section */
		23E3C38629B2512E008BC7BB /* Frameworks */ = {
			isa = PBXFrameworksBuildPhase;
			buildActionMask = 2147483647;
			files = (
				185B90DCBD75C0549F0C50A1 /* Pods_TVAmazonFreeRTOS.framework in Frameworks */,
			);
			runOnlyForDeploymentPostprocessing = 0;
		};
/* End PBXFrameworksBuildPhase section */

/* Begin PBXGroup section */
		0762EFA8EDD72F09C25065A4 /* Pods */ = {
			isa = PBXGroup;
			children = (
				CD0EF33ED7B1FE2ADAEC93F1 /* Pods-TVAmazonFreeRTOS.debug.xcconfig */,
				58A3B1016DAF4F141CB7AFD0 /* Pods-TVAmazonFreeRTOS.release.xcconfig */,
			);
			name = Pods;
			path = Pods;
			sourceTree = "<group>";
		};
		23E3C38029B2512E008BC7BB = {
			isa = PBXGroup;
			children = (
				23E3C38B29B2512E008BC7BB /* TVAmazonFreeRTOS */,
				23E3C38A29B2512E008BC7BB /* Products */,
				0762EFA8EDD72F09C25065A4 /* Pods */,
				B0ABFDC80A70D366ED1594BD /* Frameworks */,
			);
			sourceTree = "<group>";
		};
		23E3C38A29B2512E008BC7BB /* Products */ = {
			isa = PBXGroup;
			children = (
				23E3C38929B2512E008BC7BB /* TVAmazonFreeRTOS.app */,
			);
			name = Products;
			sourceTree = "<group>";
		};
		23E3C38B29B2512E008BC7BB /* TVAmazonFreeRTOS */ = {
			isa = PBXGroup;
			children = (
				23E3C38C29B2512E008BC7BB /* TVAmazonFreeRTOSApp.swift */,
				23E3C38E29B2512E008BC7BB /* ContentView.swift */,
				23E3C39029B25130008BC7BB /* Assets.xcassets */,
				23E3C39229B25130008BC7BB /* Preview Content */,
			);
			path = TVAmazonFreeRTOS;
			sourceTree = "<group>";
		};
		23E3C39229B25130008BC7BB /* Preview Content */ = {
			isa = PBXGroup;
			children = (
				23E3C39329B25130008BC7BB /* Preview Assets.xcassets */,
			);
			path = "Preview Content";
			sourceTree = "<group>";
		};
		B0ABFDC80A70D366ED1594BD /* Frameworks */ = {
			isa = PBXGroup;
			children = (
				87430413B1D69FDEDD8CAEBF /* Pods_TVAmazonFreeRTOS.framework */,
			);
			name = Frameworks;
			sourceTree = "<group>";
		};
/* End PBXGroup section */

/* Begin PBXNativeTarget section */
		23E3C38829B2512E008BC7BB /* TVAmazonFreeRTOS */ = {
			isa = PBXNativeTarget;
			buildConfigurationList = 23E3C39729B25130008BC7BB /* Build configuration list for PBXNativeTarget "TVAmazonFreeRTOS" */;
			buildPhases = (
				C9F1910E0AF54A0AC151DF49 /* [CP] Check Pods Manifest.lock */,
				23E3C38529B2512E008BC7BB /* Sources */,
				23E3C38629B2512E008BC7BB /* Frameworks */,
				23E3C38729B2512E008BC7BB /* Resources */,
				F2B85ED277EAC8496F226829 /* [CP] Embed Pods Frameworks */,
			);
			buildRules = (
			);
			dependencies = (
			);
			name = TVAmazonFreeRTOS;
			productName = TVAmazonFreeRTOS;
			productReference = 23E3C38929B2512E008BC7BB /* TVAmazonFreeRTOS.app */;
			productType = "com.apple.product-type.application";
		};
/* End PBXNativeTarget section */

/* Begin PBXProject section */
		23E3C38129B2512E008BC7BB /* Project object */ = {
			isa = PBXProject;
			attributes = {
				BuildIndependentTargetsInParallel = 1;
				LastSwiftUpdateCheck = 1420;
				LastUpgradeCheck = 1420;
				TargetAttributes = {
					23E3C38829B2512E008BC7BB = {
						CreatedOnToolsVersion = 14.2;
					};
				};
			};
			buildConfigurationList = 23E3C38429B2512E008BC7BB /* Build configuration list for PBXProject "TVAmazonFreeRTOS" */;
			compatibilityVersion = "Xcode 14.0";
			developmentRegion = en;
			hasScannedForEncodings = 0;
			knownRegions = (
				en,
				Base,
			);
			mainGroup = 23E3C38029B2512E008BC7BB;
			productRefGroup = 23E3C38A29B2512E008BC7BB /* Products */;
			projectDirPath = "";
			projectRoot = "";
			targets = (
				23E3C38829B2512E008BC7BB /* TVAmazonFreeRTOS */,
			);
		};
/* End PBXProject section */

/* Begin PBXResourcesBuildPhase section */
		23E3C38729B2512E008BC7BB /* Resources */ = {
			isa = PBXResourcesBuildPhase;
			buildActionMask = 2147483647;
			files = (
				23E3C39429B25130008BC7BB /* Preview Assets.xcassets in Resources */,
				23E3C39129B25130008BC7BB /* Assets.xcassets in Resources */,
			);
			runOnlyForDeploymentPostprocessing = 0;
		};
/* End PBXResourcesBuildPhase section */

/* Begin PBXShellScriptBuildPhase section */
		C9F1910E0AF54A0AC151DF49 /* [CP] Check Pods Manifest.lock */ = {
			isa = PBXShellScriptBuildPhase;
			buildActionMask = 2147483647;
			files = (
			);
			inputFileListPaths = (
			);
			inputPaths = (
				"${PODS_PODFILE_DIR_PATH}/Podfile.lock",
				"${PODS_ROOT}/Manifest.lock",
			);
			name = "[CP] Check Pods Manifest.lock";
			outputFileListPaths = (
			);
			outputPaths = (
				"$(DERIVED_FILE_DIR)/Pods-TVAmazonFreeRTOS-checkManifestLockResult.txt",
			);
			runOnlyForDeploymentPostprocessing = 0;
			shellPath = /bin/sh;
			shellScript = "diff \"${PODS_PODFILE_DIR_PATH}/Podfile.lock\" \"${PODS_ROOT}/Manifest.lock\" > /dev/null\nif [ $? != 0 ] ; then\n    # print error to STDERR\n    echo \"error: The sandbox is not in sync with the Podfile.lock. Run 'pod install' or update your CocoaPods installation.\" >&2\n    exit 1\nfi\n# This output is used by Xcode 'outputs' to avoid re-running this script phase.\necho \"SUCCESS\" > \"${SCRIPT_OUTPUT_FILE_0}\"\n";
			showEnvVarsInLog = 0;
		};
		F2B85ED277EAC8496F226829 /* [CP] Embed Pods Frameworks */ = {
			isa = PBXShellScriptBuildPhase;
			buildActionMask = 2147483647;
			files = (
			);
			inputFileListPaths = (
				"${PODS_ROOT}/Target Support Files/Pods-TVAmazonFreeRTOS/Pods-TVAmazonFreeRTOS-frameworks-${CONFIGURATION}-input-files.xcfilelist",
			);
			name = "[CP] Embed Pods Frameworks";
			outputFileListPaths = (
				"${PODS_ROOT}/Target Support Files/Pods-TVAmazonFreeRTOS/Pods-TVAmazonFreeRTOS-frameworks-${CONFIGURATION}-output-files.xcfilelist",
			);
			runOnlyForDeploymentPostprocessing = 0;
			shellPath = /bin/sh;
			shellScript = "\"${PODS_ROOT}/Target Support Files/Pods-TVAmazonFreeRTOS/Pods-TVAmazonFreeRTOS-frameworks.sh\"\n";
			showEnvVarsInLog = 0;
		};
/* End PBXShellScriptBuildPhase section */

/* Begin PBXSourcesBuildPhase section */
		23E3C38529B2512E008BC7BB /* Sources */ = {
			isa = PBXSourcesBuildPhase;
			buildActionMask = 2147483647;
			files = (
				23E3C38F29B2512E008BC7BB /* ContentView.swift in Sources */,
				23E3C38D29B2512E008BC7BB /* TVAmazonFreeRTOSApp.swift in Sources */,
			);
			runOnlyForDeploymentPostprocessing = 0;
		};
/* End PBXSourcesBuildPhase section */

/* Begin XCBuildConfiguration section */
		23E3C39529B25130008BC7BB /* Debug */ = {
			isa = XCBuildConfiguration;
			buildSettings = {
				ALWAYS_SEARCH_USER_PATHS = NO;
				CLANG_ANALYZER_NONNULL = YES;
				CLANG_ANALYZER_NUMBER_OBJECT_CONVERSION = YES_AGGRESSIVE;
				CLANG_CXX_LANGUAGE_STANDARD = "gnu++20";
				CLANG_ENABLE_MODULES = YES;
				CLANG_ENABLE_OBJC_ARC = YES;
				CLANG_ENABLE_OBJC_WEAK = YES;
				CLANG_WARN_BLOCK_CAPTURE_AUTORELEASING = YES;
				CLANG_WARN_BOOL_CONVERSION = YES;
				CLANG_WARN_COMMA = YES;
				CLANG_WARN_CONSTANT_CONVERSION = YES;
				CLANG_WARN_DEPRECATED_OBJC_IMPLEMENTATIONS = YES;
				CLANG_WARN_DIRECT_OBJC_ISA_USAGE = YES_ERROR;
				CLANG_WARN_DOCUMENTATION_COMMENTS = YES;
				CLANG_WARN_EMPTY_BODY = YES;
				CLANG_WARN_ENUM_CONVERSION = YES;
				CLANG_WARN_INFINITE_RECURSION = YES;
				CLANG_WARN_INT_CONVERSION = YES;
				CLANG_WARN_NON_LITERAL_NULL_CONVERSION = YES;
				CLANG_WARN_OBJC_IMPLICIT_RETAIN_SELF = YES;
				CLANG_WARN_OBJC_LITERAL_CONVERSION = YES;
				CLANG_WARN_OBJC_ROOT_CLASS = YES_ERROR;
				CLANG_WARN_QUOTED_INCLUDE_IN_FRAMEWORK_HEADER = YES;
				CLANG_WARN_RANGE_LOOP_ANALYSIS = YES;
				CLANG_WARN_STRICT_PROTOTYPES = YES;
				CLANG_WARN_SUSPICIOUS_MOVE = YES;
				CLANG_WARN_UNGUARDED_AVAILABILITY = YES_AGGRESSIVE;
				CLANG_WARN_UNREACHABLE_CODE = YES;
				CLANG_WARN__DUPLICATE_METHOD_MATCH = YES;
				COPY_PHASE_STRIP = NO;
				DEBUG_INFORMATION_FORMAT = dwarf;
				ENABLE_STRICT_OBJC_MSGSEND = YES;
				ENABLE_TESTABILITY = YES;
				GCC_C_LANGUAGE_STANDARD = gnu11;
				GCC_DYNAMIC_NO_PIC = NO;
				GCC_NO_COMMON_BLOCKS = YES;
				GCC_OPTIMIZATION_LEVEL = 0;
				GCC_PREPROCESSOR_DEFINITIONS = (
					"DEBUG=1",
					"$(inherited)",
				);
				GCC_WARN_64_TO_32_BIT_CONVERSION = YES;
				GCC_WARN_ABOUT_RETURN_TYPE = YES_ERROR;
				GCC_WARN_UNDECLARED_SELECTOR = YES;
				GCC_WARN_UNINITIALIZED_AUTOS = YES_AGGRESSIVE;
				GCC_WARN_UNUSED_FUNCTION = YES;
				GCC_WARN_UNUSED_VARIABLE = YES;
				IPHONEOS_DEPLOYMENT_TARGET = 16.2;
				MTL_ENABLE_DEBUG_INFO = INCLUDE_SOURCE;
				MTL_FAST_MATH = YES;
				ONLY_ACTIVE_ARCH = YES;
				SDKROOT = iphoneos;
				SWIFT_ACTIVE_COMPILATION_CONDITIONS = DEBUG;
				SWIFT_OPTIMIZATION_LEVEL = "-Onone";
			};
			name = Debug;
		};
		23E3C39629B25130008BC7BB /* Release */ = {
			isa = XCBuildConfiguration;
			buildSettings = {
				ALWAYS_SEARCH_USER_PATHS = NO;
				CLANG_ANALYZER_NONNULL = YES;
				CLANG_ANALYZER_NUMBER_OBJECT_CONVERSION = YES_AGGRESSIVE;
				CLANG_CXX_LANGUAGE_STANDARD = "gnu++20";
				CLANG_ENABLE_MODULES = YES;
				CLANG_ENABLE_OBJC_ARC = YES;
				CLANG_ENABLE_OBJC_WEAK = YES;
				CLANG_WARN_BLOCK_CAPTURE_AUTORELEASING = YES;
				CLANG_WARN_BOOL_CONVERSION = YES;
				CLANG_WARN_COMMA = YES;
				CLANG_WARN_CONSTANT_CONVERSION = YES;
				CLANG_WARN_DEPRECATED_OBJC_IMPLEMENTATIONS = YES;
				CLANG_WARN_DIRECT_OBJC_ISA_USAGE = YES_ERROR;
				CLANG_WARN_DOCUMENTATION_COMMENTS = YES;
				CLANG_WARN_EMPTY_BODY = YES;
				CLANG_WARN_ENUM_CONVERSION = YES;
				CLANG_WARN_INFINITE_RECURSION = YES;
				CLANG_WARN_INT_CONVERSION = YES;
				CLANG_WARN_NON_LITERAL_NULL_CONVERSION = YES;
				CLANG_WARN_OBJC_IMPLICIT_RETAIN_SELF = YES;
				CLANG_WARN_OBJC_LITERAL_CONVERSION = YES;
				CLANG_WARN_OBJC_ROOT_CLASS = YES_ERROR;
				CLANG_WARN_QUOTED_INCLUDE_IN_FRAMEWORK_HEADER = YES;
				CLANG_WARN_RANGE_LOOP_ANALYSIS = YES;
				CLANG_WARN_STRICT_PROTOTYPES = YES;
				CLANG_WARN_SUSPICIOUS_MOVE = YES;
				CLANG_WARN_UNGUARDED_AVAILABILITY = YES_AGGRESSIVE;
				CLANG_WARN_UNREACHABLE_CODE = YES;
				CLANG_WARN__DUPLICATE_METHOD_MATCH = YES;
				COPY_PHASE_STRIP = NO;
				DEBUG_INFORMATION_FORMAT = "dwarf-with-dsym";
				ENABLE_NS_ASSERTIONS = NO;
				ENABLE_STRICT_OBJC_MSGSEND = YES;
				GCC_C_LANGUAGE_STANDARD = gnu11;
				GCC_NO_COMMON_BLOCKS = YES;
				GCC_WARN_64_TO_32_BIT_CONVERSION = YES;
				GCC_WARN_ABOUT_RETURN_TYPE = YES_ERROR;
				GCC_WARN_UNDECLARED_SELECTOR = YES;
				GCC_WARN_UNINITIALIZED_AUTOS = YES_AGGRESSIVE;
				GCC_WARN_UNUSED_FUNCTION = YES;
				GCC_WARN_UNUSED_VARIABLE = YES;
				IPHONEOS_DEPLOYMENT_TARGET = 16.2;
				MTL_ENABLE_DEBUG_INFO = NO;
				MTL_FAST_MATH = YES;
				SDKROOT = iphoneos;
				SWIFT_COMPILATION_MODE = wholemodule;
				SWIFT_OPTIMIZATION_LEVEL = "-O";
				VALIDATE_PRODUCT = YES;
			};
			name = Release;
		};
		23E3C39829B25130008BC7BB /* Debug */ = {
			isa = XCBuildConfiguration;
			baseConfigurationReference = CD0EF33ED7B1FE2ADAEC93F1 /* Pods-TVAmazonFreeRTOS.debug.xcconfig */;
			buildSettings = {
				ASSETCATALOG_COMPILER_APPICON_NAME = AppIcon;
				ASSETCATALOG_COMPILER_GLOBAL_ACCENT_COLOR_NAME = AccentColor;
				CODE_SIGN_STYLE = Automatic;
				CURRENT_PROJECT_VERSION = 1;
				DEVELOPMENT_ASSET_PATHS = "\"TVAmazonFreeRTOS/Preview Content\"";
				DEVELOPMENT_TEAM = YP5SN2SP3V;
				ENABLE_PREVIEWS = YES;
				GENERATE_INFOPLIST_FILE = YES;
				INFOPLIST_KEY_UIApplicationSceneManifest_Generation = YES;
				INFOPLIST_KEY_UIApplicationSupportsIndirectInputEvents = YES;
				INFOPLIST_KEY_UILaunchScreen_Generation = YES;
				INFOPLIST_KEY_UISupportedInterfaceOrientations_iPad = "UIInterfaceOrientationPortrait UIInterfaceOrientationPortraitUpsideDown UIInterfaceOrientationLandscapeLeft UIInterfaceOrientationLandscapeRight";
				INFOPLIST_KEY_UISupportedInterfaceOrientations_iPhone = "UIInterfaceOrientationPortrait UIInterfaceOrientationLandscapeLeft UIInterfaceOrientationLandscapeRight";
				LD_RUNPATH_SEARCH_PATHS = (
					"$(inherited)",
					"@executable_path/Frameworks",
				);
				MARKETING_VERSION = 1.0;
				PRODUCT_BUNDLE_IDENTIFIER = com.vuductuyen.TVAmazonFreeRTOS;
				PRODUCT_NAME = "$(TARGET_NAME)";
				SWIFT_EMIT_LOC_STRINGS = YES;
				SWIFT_VERSION = 5.0;
				TARGETED_DEVICE_FAMILY = "1,2";
			};
			name = Debug;
		};
		23E3C39929B25130008BC7BB /* Release */ = {
			isa = XCBuildConfiguration;
			baseConfigurationReference = 58A3B1016DAF4F141CB7AFD0 /* Pods-TVAmazonFreeRTOS.release.xcconfig */;
			buildSettings = {
				ASSETCATALOG_COMPILER_APPICON_NAME = AppIcon;
				ASSETCATALOG_COMPILER_GLOBAL_ACCENT_COLOR_NAME = AccentColor;
				CODE_SIGN_STYLE = Automatic;
				CURRENT_PROJECT_VERSION = 1;
				DEVELOPMENT_ASSET_PATHS = "\"TVAmazonFreeRTOS/Preview Content\"";
				DEVELOPMENT_TEAM = YP5SN2SP3V;
				ENABLE_PREVIEWS = YES;
				GENERATE_INFOPLIST_FILE = YES;
				INFOPLIST_KEY_UIApplicationSceneManifest_Generation = YES;
				INFOPLIST_KEY_UIApplicationSupportsIndirectInputEvents = YES;
				INFOPLIST_KEY_UILaunchScreen_Generation = YES;
				INFOPLIST_KEY_UISupportedInterfaceOrientations_iPad = "UIInterfaceOrientationPortrait UIInterfaceOrientationPortraitUpsideDown UIInterfaceOrientationLandscapeLeft UIInterfaceOrientationLandscapeRight";
				INFOPLIST_KEY_UISupportedInterfaceOrientations_iPhone = "UIInterfaceOrientationPortrait UIInterfaceOrientationLandscapeLeft UIInterfaceOrientationLandscapeRight";
				LD_RUNPATH_SEARCH_PATHS = (
					"$(inherited)",
					"@executable_path/Frameworks",
				);
				MARKETING_VERSION = 1.0;
				PRODUCT_BUNDLE_IDENTIFIER = com.vuductuyen.TVAmazonFreeRTOS;
				PRODUCT_NAME = "$(TARGET_NAME)";
				SWIFT_EMIT_LOC_STRINGS = YES;
				SWIFT_VERSION = 5.0;
				TARGETED_DEVICE_FAMILY = "1,2";
			};
			name = Release;
		};
/* End XCBuildConfiguration section */

/* Begin XCConfigurationList section */
		23E3C38429B2512E008BC7BB /* Build configuration list for PBXProject "TVAmazonFreeRTOS" */ = {
			isa = XCConfigurationList;
			buildConfigurations = (
				23E3C39529B25130008BC7BB /* Debug */,
				23E3C39629B25130008BC7BB /* Release */,
			);
			defaultConfigurationIsVisible = 0;
			defaultConfigurationName = Release;
		};
		23E3C39729B25130008BC7BB /* Build configuration list for PBXNativeTarget "TVAmazonFreeRTOS" */ = {
			isa = XCConfigurationList;
			buildConfigurations = (
				23E3C39829B25130008BC7BB /* Debug */,
				23E3C39929B25130008BC7BB /* Release */,
			);
			defaultConfigurationIsVisible = 0;
			defaultConfigurationName = Release;
		};
/* End XCConfigurationList section */
	};
	rootObject = 23E3C38129B2512E008BC7BB /* Project object */;
}
