PODS:
  - AmazonFreeRTOS (1.4.0):
    - AWSIoT
    - CBORCoding
  - AWSCore (2.30.3)
  - AWSIoT (2.30.3):
    - AWSCore (= 2.30.3)
  - CBORCoding (1.3.2):
    - Half (~> 1.3)
  - Half (1.3.1)

DEPENDENCIES:
  - AmazonFreeRTOS

SPEC REPOS:
  trunk:
    - AmazonFreeRTOS
    - AWSCore
    - AWSIoT
    - CBORCoding
    - Half

SPEC CHECKSUMS:
  AmazonFreeRTOS: 200d0776acdcf6b69b37baba50d0f892d92afe25
  AWSCore: 58801179c0e2fae31e4a5e1f5000eaea78c8f1ce
  AWSIoT: e2865510137293055be0fc58bb42fdbfdeb5ff9c
  CBORCoding: bc4b677abf83b603535f6af7158b88b86ac07744
  Half: 53808d877fd489901434883eb5ca91d6be65f0b3

PODFILE CHECKSUM: cf67c40e1be3452b54f830f8988a4de97031deb9

COCOAPODS: 1.11.3
