// !$*UTF8*$!
{
	archiveVersion = 1;
	classes = {
	};
	objectVersion = 56;
	objects = {

/* Begin PBXBuildFile section */
		23765FD92C27B49D0073EC0C /* AppDelegate.m in Sources */ = {isa = PBXBuildFile; fileRef = 23765FD82C27B49D0073EC0C /* AppDelegate.m */; };
		23765FDC2C27B49D0073EC0C /* SceneDelegate.m in Sources */ = {isa = PBXBuildFile; fileRef = 23765FDB2C27B49D0073EC0C /* SceneDelegate.m */; };
		23765FDF2C27B49D0073EC0C /* ViewController.m in Sources */ = {isa = PBXBuildFile; fileRef = 23765FDE2C27B49D0073EC0C /* ViewController.m */; };
		23765FE22C27B49D0073EC0C /* Base in Resources */ = {isa = PBXBuildFile; fileRef = 23765FE12C27B49D0073EC0C /* Base */; };
		23765FE42C27B4A00073EC0C /* Assets.xcassets in Resources */ = {isa = PBXBuildFile; fileRef = 23765FE32C27B4A00073EC0C /* Assets.xcassets */; };
		23765FE72C27B4A00073EC0C /* Base in Resources */ = {isa = PBXBuildFile; fileRef = 23765FE62C27B4A00073EC0C /* Base */; };
		23765FEA2C27B4A00073EC0C /* main.m in Sources */ = {isa = PBXBuildFile; fileRef = 23765FE92C27B4A00073EC0C /* main.m */; };
		2376600D2C27C0660073EC0C /* TVStripePaymentSheet.h in Headers */ = {isa = PBXBuildFile; fileRef = 2376600C2C27C0660073EC0C /* TVStripePaymentSheet.h */; settings = {ATTRIBUTES = (Public, ); }; };
		237660102C27C0660073EC0C /* TVStripePaymentSheet.framework in Frameworks */ = {isa = PBXBuildFile; fileRef = 2376600A2C27C0660073EC0C /* TVStripePaymentSheet.framework */; };
		237660112C27C0660073EC0C /* TVStripePaymentSheet.framework in Embed Frameworks */ = {isa = PBXBuildFile; fileRef = 2376600A2C27C0660073EC0C /* TVStripePaymentSheet.framework */; settings = {ATTRIBUTES = (CodeSignOnCopy, RemoveHeadersOnCopy, ); }; };
		237660152C27C06F0073EC0C /* TSPSExternalPaymentMethodConfiguration.swift in Sources */ = {isa = PBXBuildFile; fileRef = 23765FCF2C26EBB30073EC0C /* TSPSExternalPaymentMethodConfiguration.swift */; };
		237660162C27C06F0073EC0C /* TSPSApplePayConfiguration.swift in Sources */ = {isa = PBXBuildFile; fileRef = 23765FC32C26D18F0073EC0C /* TSPSApplePayConfiguration.swift */; };
		237660172C27C06F0073EC0C /* TSPSCustomerConfiguration.swift in Sources */ = {isa = PBXBuildFile; fileRef = 23765FBF2C26D14A0073EC0C /* TSPSCustomerConfiguration.swift */; };
		237660182C27C06F0073EC0C /* TSPSApplePayConfigurationHandlers.swift in Sources */ = {isa = PBXBuildFile; fileRef = 23765FC52C26D1B30073EC0C /* TSPSApplePayConfigurationHandlers.swift */; };
		237660192C27C06F0073EC0C /* TSPSPaymentSheet.swift in Sources */ = {isa = PBXBuildFile; fileRef = 23765FBB2C25F5970073EC0C /* TSPSPaymentSheet.swift */; };
		2376601A2C27C06F0073EC0C /* TSPSConfiguration.swift in Sources */ = {isa = PBXBuildFile; fileRef = 23765FC72C26D8CB0073EC0C /* TSPSConfiguration.swift */; };
		2376601B2C27C06F0073EC0C /* TSPSSavePaymentMethodOptInBehavior.swift in Sources */ = {isa = PBXBuildFile; fileRef = 23765FC92C26DA1C0073EC0C /* TSPSSavePaymentMethodOptInBehavior.swift */; };
		2376601C2C27C06F0073EC0C /* TSPSAppearance.swift in Sources */ = {isa = PBXBuildFile; fileRef = 23765FCB2C26DEDB0073EC0C /* TSPSAppearance.swift */; };
		2376601D2C27C06F0073EC0C /* TSPSAddressDetails.swift in Sources */ = {isa = PBXBuildFile; fileRef = 23765FCD2C26E7EF0073EC0C /* TSPSAddressDetails.swift */; };
		2376601E2C27C06F0073EC0C /* TSPSBillingDetailsCollectionConfiguration.swift in Sources */ = {isa = PBXBuildFile; fileRef = 23765FC12C26D1720073EC0C /* TSPSBillingDetailsCollectionConfiguration.swift */; };
		237660372C27C6350073EC0C /* Stripe3DS2.xcframework in Frameworks */ = {isa = PBXBuildFile; fileRef = 23765FB42C25F5780073EC0C /* Stripe3DS2.xcframework */; };
		237660382C27C6350073EC0C /* StripeApplePay.xcframework in Frameworks */ = {isa = PBXBuildFile; fileRef = 23765FAF2C25F5780073EC0C /* StripeApplePay.xcframework */; };
		237660392C27C6350073EC0C /* StripeCore.xcframework in Frameworks */ = {isa = PBXBuildFile; fileRef = 23765FB12C25F5780073EC0C /* StripeCore.xcframework */; };
		2376603A2C27C6350073EC0C /* StripePayments.xcframework in Frameworks */ = {isa = PBXBuildFile; fileRef = 23765FB32C25F5780073EC0C /* StripePayments.xcframework */; };
		2376603B2C27C6350073EC0C /* StripePaymentSheet.xcframework in Frameworks */ = {isa = PBXBuildFile; fileRef = 23765FB22C25F5780073EC0C /* StripePaymentSheet.xcframework */; };
		2376603C2C27C6350073EC0C /* StripePaymentsUI.xcframework in Frameworks */ = {isa = PBXBuildFile; fileRef = 23765FB02C25F5780073EC0C /* StripePaymentsUI.xcframework */; };
		2376603D2C27C6350073EC0C /* StripeUICore.xcframework in Frameworks */ = {isa = PBXBuildFile; fileRef = 23765FBD2C25F7CA0073EC0C /* StripeUICore.xcframework */; };
/* End PBXBuildFile section */

/* Begin PBXContainerItemProxy section */
		2376600E2C27C0660073EC0C /* PBXContainerItemProxy */ = {
			isa = PBXContainerItemProxy;
			containerPortal = 239C8BAB2C25E8EE0078FE2A /* Project object */;
			proxyType = 1;
			remoteGlobalIDString = 237660092C27C0660073EC0C;
			remoteInfo = TVStripePaymentSheet;
		};
/* End PBXContainerItemProxy section */

/* Begin PBXCopyFilesBuildPhase section */
		237660002C27C02C0073EC0C /* Embed Frameworks */ = {
			isa = PBXCopyFilesBuildPhase;
			buildActionMask = 2147483647;
			dstPath = "";
			dstSubfolderSpec = 10;
			files = (
				237660112C27C0660073EC0C /* TVStripePaymentSheet.framework in Embed Frameworks */,
			);
			name = "Embed Frameworks";
			runOnlyForDeploymentPostprocessing = 0;
		};
/* End PBXCopyFilesBuildPhase section */

/* Begin PBXFileReference section */
		23765FAF2C25F5780073EC0C /* StripeApplePay.xcframework */ = {isa = PBXFileReference; lastKnownFileType = wrapper.xcframework; name = StripeApplePay.xcframework; path = Carthage/Build/StripeApplePay.xcframework; sourceTree = "<group>"; };
		23765FB02C25F5780073EC0C /* StripePaymentsUI.xcframework */ = {isa = PBXFileReference; lastKnownFileType = wrapper.xcframework; name = StripePaymentsUI.xcframework; path = Carthage/Build/StripePaymentsUI.xcframework; sourceTree = "<group>"; };
		23765FB12C25F5780073EC0C /* StripeCore.xcframework */ = {isa = PBXFileReference; lastKnownFileType = wrapper.xcframework; name = StripeCore.xcframework; path = Carthage/Build/StripeCore.xcframework; sourceTree = "<group>"; };
		23765FB22C25F5780073EC0C /* StripePaymentSheet.xcframework */ = {isa = PBXFileReference; lastKnownFileType = wrapper.xcframework; name = StripePaymentSheet.xcframework; path = Carthage/Build/StripePaymentSheet.xcframework; sourceTree = "<group>"; };
		23765FB32C25F5780073EC0C /* StripePayments.xcframework */ = {isa = PBXFileReference; lastKnownFileType = wrapper.xcframework; name = StripePayments.xcframework; path = Carthage/Build/StripePayments.xcframework; sourceTree = "<group>"; };
		23765FB42C25F5780073EC0C /* Stripe3DS2.xcframework */ = {isa = PBXFileReference; lastKnownFileType = wrapper.xcframework; name = Stripe3DS2.xcframework; path = Carthage/Build/Stripe3DS2.xcframework; sourceTree = "<group>"; };
		23765FBB2C25F5970073EC0C /* TSPSPaymentSheet.swift */ = {isa = PBXFileReference; lastKnownFileType = sourcecode.swift; path = TSPSPaymentSheet.swift; sourceTree = "<group>"; };
		23765FBD2C25F7CA0073EC0C /* StripeUICore.xcframework */ = {isa = PBXFileReference; lastKnownFileType = wrapper.xcframework; name = StripeUICore.xcframework; path = Carthage/Build/StripeUICore.xcframework; sourceTree = "<group>"; };
		23765FBF2C26D14A0073EC0C /* TSPSCustomerConfiguration.swift */ = {isa = PBXFileReference; lastKnownFileType = sourcecode.swift; path = TSPSCustomerConfiguration.swift; sourceTree = "<group>"; };
		23765FC12C26D1720073EC0C /* TSPSBillingDetailsCollectionConfiguration.swift */ = {isa = PBXFileReference; lastKnownFileType = sourcecode.swift; path = TSPSBillingDetailsCollectionConfiguration.swift; sourceTree = "<group>"; };
		23765FC32C26D18F0073EC0C /* TSPSApplePayConfiguration.swift */ = {isa = PBXFileReference; lastKnownFileType = sourcecode.swift; path = TSPSApplePayConfiguration.swift; sourceTree = "<group>"; };
		23765FC52C26D1B30073EC0C /* TSPSApplePayConfigurationHandlers.swift */ = {isa = PBXFileReference; lastKnownFileType = sourcecode.swift; path = TSPSApplePayConfigurationHandlers.swift; sourceTree = "<group>"; };
		23765FC72C26D8CB0073EC0C /* TSPSConfiguration.swift */ = {isa = PBXFileReference; lastKnownFileType = sourcecode.swift; path = TSPSConfiguration.swift; sourceTree = "<group>"; };
		23765FC92C26DA1C0073EC0C /* TSPSSavePaymentMethodOptInBehavior.swift */ = {isa = PBXFileReference; lastKnownFileType = sourcecode.swift; path = TSPSSavePaymentMethodOptInBehavior.swift; sourceTree = "<group>"; };
		23765FCB2C26DEDB0073EC0C /* TSPSAppearance.swift */ = {isa = PBXFileReference; lastKnownFileType = sourcecode.swift; path = TSPSAppearance.swift; sourceTree = "<group>"; };
		23765FCD2C26E7EF0073EC0C /* TSPSAddressDetails.swift */ = {isa = PBXFileReference; lastKnownFileType = sourcecode.swift; path = TSPSAddressDetails.swift; sourceTree = "<group>"; };
		23765FCF2C26EBB30073EC0C /* TSPSExternalPaymentMethodConfiguration.swift */ = {isa = PBXFileReference; lastKnownFileType = sourcecode.swift; path = TSPSExternalPaymentMethodConfiguration.swift; sourceTree = "<group>"; };
		23765FD52C27B49D0073EC0C /* TStripeQs.app */ = {isa = PBXFileReference; explicitFileType = wrapper.application; includeInIndex = 0; path = TStripeQs.app; sourceTree = BUILT_PRODUCTS_DIR; };
		23765FD72C27B49D0073EC0C /* AppDelegate.h */ = {isa = PBXFileReference; lastKnownFileType = sourcecode.c.h; path = AppDelegate.h; sourceTree = "<group>"; };
		23765FD82C27B49D0073EC0C /* AppDelegate.m */ = {isa = PBXFileReference; lastKnownFileType = sourcecode.c.objc; path = AppDelegate.m; sourceTree = "<group>"; };
		23765FDA2C27B49D0073EC0C /* SceneDelegate.h */ = {isa = PBXFileReference; lastKnownFileType = sourcecode.c.h; path = SceneDelegate.h; sourceTree = "<group>"; };
		23765FDB2C27B49D0073EC0C /* SceneDelegate.m */ = {isa = PBXFileReference; lastKnownFileType = sourcecode.c.objc; path = SceneDelegate.m; sourceTree = "<group>"; };
		23765FDD2C27B49D0073EC0C /* ViewController.h */ = {isa = PBXFileReference; lastKnownFileType = sourcecode.c.h; path = ViewController.h; sourceTree = "<group>"; };
		23765FDE2C27B49D0073EC0C /* ViewController.m */ = {isa = PBXFileReference; lastKnownFileType = sourcecode.c.objc; path = ViewController.m; sourceTree = "<group>"; };
		23765FE12C27B49D0073EC0C /* Base */ = {isa = PBXFileReference; lastKnownFileType = file.storyboard; name = Base; path = Base.lproj/Main.storyboard; sourceTree = "<group>"; };
		23765FE32C27B4A00073EC0C /* Assets.xcassets */ = {isa = PBXFileReference; lastKnownFileType = folder.assetcatalog; path = Assets.xcassets; sourceTree = "<group>"; };
		23765FE62C27B4A00073EC0C /* Base */ = {isa = PBXFileReference; lastKnownFileType = file.storyboard; name = Base; path = Base.lproj/LaunchScreen.storyboard; sourceTree = "<group>"; };
		23765FE82C27B4A00073EC0C /* Info.plist */ = {isa = PBXFileReference; lastKnownFileType = text.plist.xml; path = Info.plist; sourceTree = "<group>"; };
		23765FE92C27B4A00073EC0C /* main.m */ = {isa = PBXFileReference; lastKnownFileType = sourcecode.c.objc; path = main.m; sourceTree = "<group>"; };
		2376600A2C27C0660073EC0C /* TVStripePaymentSheet.framework */ = {isa = PBXFileReference; explicitFileType = wrapper.framework; includeInIndex = 0; path = TVStripePaymentSheet.framework; sourceTree = BUILT_PRODUCTS_DIR; };
		2376600C2C27C0660073EC0C /* TVStripePaymentSheet.h */ = {isa = PBXFileReference; lastKnownFileType = sourcecode.c.h; path = TVStripePaymentSheet.h; sourceTree = "<group>"; };
/* End PBXFileReference section */

/* Begin PBXFrameworksBuildPhase section */
		23765FD22C27B49D0073EC0C /* Frameworks */ = {
			isa = PBXFrameworksBuildPhase;
			buildActionMask = 2147483647;
			files = (
				237660102C27C0660073EC0C /* TVStripePaymentSheet.framework in Frameworks */,
			);
			runOnlyForDeploymentPostprocessing = 0;
		};
		237660072C27C0660073EC0C /* Frameworks */ = {
			isa = PBXFrameworksBuildPhase;
			buildActionMask = 2147483647;
			files = (
				237660372C27C6350073EC0C /* Stripe3DS2.xcframework in Frameworks */,
				237660382C27C6350073EC0C /* StripeApplePay.xcframework in Frameworks */,
				237660392C27C6350073EC0C /* StripeCore.xcframework in Frameworks */,
				2376603A2C27C6350073EC0C /* StripePayments.xcframework in Frameworks */,
				2376603B2C27C6350073EC0C /* StripePaymentSheet.xcframework in Frameworks */,
				2376603C2C27C6350073EC0C /* StripePaymentsUI.xcframework in Frameworks */,
				2376603D2C27C6350073EC0C /* StripeUICore.xcframework in Frameworks */,
			);
			runOnlyForDeploymentPostprocessing = 0;
		};
/* End PBXFrameworksBuildPhase section */

/* Begin PBXGroup section */
		23765FAE2C25F5780073EC0C /* Frameworks */ = {
			isa = PBXGroup;
			children = (
				23765FBD2C25F7CA0073EC0C /* StripeUICore.xcframework */,
				23765FB42C25F5780073EC0C /* Stripe3DS2.xcframework */,
				23765FAF2C25F5780073EC0C /* StripeApplePay.xcframework */,
				23765FB12C25F5780073EC0C /* StripeCore.xcframework */,
				23765FB32C25F5780073EC0C /* StripePayments.xcframework */,
				23765FB22C25F5780073EC0C /* StripePaymentSheet.xcframework */,
				23765FB02C25F5780073EC0C /* StripePaymentsUI.xcframework */,
			);
			name = Frameworks;
			sourceTree = "<group>";
		};
		23765FD62C27B49D0073EC0C /* TStripeQs */ = {
			isa = PBXGroup;
			children = (
				23765FD72C27B49D0073EC0C /* AppDelegate.h */,
				23765FD82C27B49D0073EC0C /* AppDelegate.m */,
				23765FDA2C27B49D0073EC0C /* SceneDelegate.h */,
				23765FDB2C27B49D0073EC0C /* SceneDelegate.m */,
				23765FDD2C27B49D0073EC0C /* ViewController.h */,
				23765FDE2C27B49D0073EC0C /* ViewController.m */,
				23765FE02C27B49D0073EC0C /* Main.storyboard */,
				23765FE32C27B4A00073EC0C /* Assets.xcassets */,
				23765FE52C27B4A00073EC0C /* LaunchScreen.storyboard */,
				23765FE82C27B4A00073EC0C /* Info.plist */,
				23765FE92C27B4A00073EC0C /* main.m */,
			);
			path = TStripeQs;
			sourceTree = "<group>";
		};
		2376600B2C27C0660073EC0C /* TVStripePaymentSheet */ = {
			isa = PBXGroup;
			children = (
				23765FBB2C25F5970073EC0C /* TSPSPaymentSheet.swift */,
				23765FBF2C26D14A0073EC0C /* TSPSCustomerConfiguration.swift */,
				23765FC12C26D1720073EC0C /* TSPSBillingDetailsCollectionConfiguration.swift */,
				23765FC32C26D18F0073EC0C /* TSPSApplePayConfiguration.swift */,
				23765FC52C26D1B30073EC0C /* TSPSApplePayConfigurationHandlers.swift */,
				23765FC72C26D8CB0073EC0C /* TSPSConfiguration.swift */,
				23765FC92C26DA1C0073EC0C /* TSPSSavePaymentMethodOptInBehavior.swift */,
				23765FCB2C26DEDB0073EC0C /* TSPSAppearance.swift */,
				23765FCD2C26E7EF0073EC0C /* TSPSAddressDetails.swift */,
				23765FCF2C26EBB30073EC0C /* TSPSExternalPaymentMethodConfiguration.swift */,
				2376600C2C27C0660073EC0C /* TVStripePaymentSheet.h */,
			);
			path = TVStripePaymentSheet;
			sourceTree = "<group>";
		};
		239C8BAA2C25E8EE0078FE2A = {
			isa = PBXGroup;
			children = (
				23765FD62C27B49D0073EC0C /* TStripeQs */,
				2376600B2C27C0660073EC0C /* TVStripePaymentSheet */,
				239C8BB52C25E8EE0078FE2A /* Products */,
				23765FAE2C25F5780073EC0C /* Frameworks */,
			);
			sourceTree = "<group>";
		};
		239C8BB52C25E8EE0078FE2A /* Products */ = {
			isa = PBXGroup;
			children = (
				23765FD52C27B49D0073EC0C /* TStripeQs.app */,
				2376600A2C27C0660073EC0C /* TVStripePaymentSheet.framework */,
			);
			name = Products;
			sourceTree = "<group>";
		};
/* End PBXGroup section */

/* Begin PBXHeadersBuildPhase section */
		23765FF22C27BEED0073EC0C /* Headers */ = {
			isa = PBXHeadersBuildPhase;
			buildActionMask = 2147483647;
			files = (
			);
			runOnlyForDeploymentPostprocessing = 0;
		};
		237660052C27C0660073EC0C /* Headers */ = {
			isa = PBXHeadersBuildPhase;
			buildActionMask = 2147483647;
			files = (
				2376600D2C27C0660073EC0C /* TVStripePaymentSheet.h in Headers */,
			);
			runOnlyForDeploymentPostprocessing = 0;
		};
/* End PBXHeadersBuildPhase section */

/* Begin PBXNativeTarget section */
		23765FD42C27B49D0073EC0C /* TStripeQs */ = {
			isa = PBXNativeTarget;
			buildConfigurationList = 23765FEB2C27B4A00073EC0C /* Build configuration list for PBXNativeTarget "TStripeQs" */;
			buildPhases = (
				23765FF22C27BEED0073EC0C /* Headers */,
				23765FD12C27B49D0073EC0C /* Sources */,
				23765FD22C27B49D0073EC0C /* Frameworks */,
				23765FD32C27B49D0073EC0C /* Resources */,
				237660002C27C02C0073EC0C /* Embed Frameworks */,
			);
			buildRules = (
			);
			dependencies = (
				2376600F2C27C0660073EC0C /* PBXTargetDependency */,
			);
			name = TStripeQs;
			productName = TStripeQs;
			productReference = 23765FD52C27B49D0073EC0C /* TStripeQs.app */;
			productType = "com.apple.product-type.application";
		};
		237660092C27C0660073EC0C /* TVStripePaymentSheet */ = {
			isa = PBXNativeTarget;
			buildConfigurationList = 237660122C27C0660073EC0C /* Build configuration list for PBXNativeTarget "TVStripePaymentSheet" */;
			buildPhases = (
				237660052C27C0660073EC0C /* Headers */,
				237660062C27C0660073EC0C /* Sources */,
				237660072C27C0660073EC0C /* Frameworks */,
				237660082C27C0660073EC0C /* Resources */,
			);
			buildRules = (
			);
			dependencies = (
			);
			name = TVStripePaymentSheet;
			productName = TVStripePaymentSheet;
			productReference = 2376600A2C27C0660073EC0C /* TVStripePaymentSheet.framework */;
			productType = "com.apple.product-type.framework";
		};
/* End PBXNativeTarget section */

/* Begin PBXProject section */
		239C8BAB2C25E8EE0078FE2A /* Project object */ = {
			isa = PBXProject;
			attributes = {
				BuildIndependentTargetsInParallel = 1;
				LastUpgradeCheck = 1540;
				TargetAttributes = {
					23765FD42C27B49D0073EC0C = {
						CreatedOnToolsVersion = 15.4;
					};
					237660092C27C0660073EC0C = {
						CreatedOnToolsVersion = 15.4;
						LastSwiftMigration = 1540;
					};
				};
			};
			buildConfigurationList = 239C8BAE2C25E8EE0078FE2A /* Build configuration list for PBXProject "StripePaymentsheetObjC" */;
			compatibilityVersion = "Xcode 14.0";
			developmentRegion = en;
			hasScannedForEncodings = 0;
			knownRegions = (
				en,
				Base,
			);
			mainGroup = 239C8BAA2C25E8EE0078FE2A;
			productRefGroup = 239C8BB52C25E8EE0078FE2A /* Products */;
			projectDirPath = "";
			projectRoot = "";
			targets = (
				23765FD42C27B49D0073EC0C /* TStripeQs */,
				237660092C27C0660073EC0C /* TVStripePaymentSheet */,
			);
		};
/* End PBXProject section */

/* Begin PBXResourcesBuildPhase section */
		23765FD32C27B49D0073EC0C /* Resources */ = {
			isa = PBXResourcesBuildPhase;
			buildActionMask = 2147483647;
			files = (
				23765FE42C27B4A00073EC0C /* Assets.xcassets in Resources */,
				23765FE72C27B4A00073EC0C /* Base in Resources */,
				23765FE22C27B49D0073EC0C /* Base in Resources */,
			);
			runOnlyForDeploymentPostprocessing = 0;
		};
		237660082C27C0660073EC0C /* Resources */ = {
			isa = PBXResourcesBuildPhase;
			buildActionMask = 2147483647;
			files = (
			);
			runOnlyForDeploymentPostprocessing = 0;
		};
/* End PBXResourcesBuildPhase section */

/* Begin PBXSourcesBuildPhase section */
		23765FD12C27B49D0073EC0C /* Sources */ = {
			isa = PBXSourcesBuildPhase;
			buildActionMask = 2147483647;
			files = (
				23765FDF2C27B49D0073EC0C /* ViewController.m in Sources */,
				23765FD92C27B49D0073EC0C /* AppDelegate.m in Sources */,
				23765FEA2C27B4A00073EC0C /* main.m in Sources */,
				23765FDC2C27B49D0073EC0C /* SceneDelegate.m in Sources */,
			);
			runOnlyForDeploymentPostprocessing = 0;
		};
		237660062C27C0660073EC0C /* Sources */ = {
			isa = PBXSourcesBuildPhase;
			buildActionMask = 2147483647;
			files = (
				237660172C27C06F0073EC0C /* TSPSCustomerConfiguration.swift in Sources */,
				237660182C27C06F0073EC0C /* TSPSApplePayConfigurationHandlers.swift in Sources */,
				2376601B2C27C06F0073EC0C /* TSPSSavePaymentMethodOptInBehavior.swift in Sources */,
				2376601A2C27C06F0073EC0C /* TSPSConfiguration.swift in Sources */,
				237660192C27C06F0073EC0C /* TSPSPaymentSheet.swift in Sources */,
				2376601C2C27C06F0073EC0C /* TSPSAppearance.swift in Sources */,
				2376601D2C27C06F0073EC0C /* TSPSAddressDetails.swift in Sources */,
				237660162C27C06F0073EC0C /* TSPSApplePayConfiguration.swift in Sources */,
				237660152C27C06F0073EC0C /* TSPSExternalPaymentMethodConfiguration.swift in Sources */,
				2376601E2C27C06F0073EC0C /* TSPSBillingDetailsCollectionConfiguration.swift in Sources */,
			);
			runOnlyForDeploymentPostprocessing = 0;
		};
/* End PBXSourcesBuildPhase section */

/* Begin PBXTargetDependency section */
		2376600F2C27C0660073EC0C /* PBXTargetDependency */ = {
			isa = PBXTargetDependency;
			target = 237660092C27C0660073EC0C /* TVStripePaymentSheet */;
			targetProxy = 2376600E2C27C0660073EC0C /* PBXContainerItemProxy */;
		};
/* End PBXTargetDependency section */

/* Begin PBXVariantGroup section */
		23765FE02C27B49D0073EC0C /* Main.storyboard */ = {
			isa = PBXVariantGroup;
			children = (
				23765FE12C27B49D0073EC0C /* Base */,
			);
			name = Main.storyboard;
			sourceTree = "<group>";
		};
		23765FE52C27B4A00073EC0C /* LaunchScreen.storyboard */ = {
			isa = PBXVariantGroup;
			children = (
				23765FE62C27B4A00073EC0C /* Base */,
			);
			name = LaunchScreen.storyboard;
			sourceTree = "<group>";
		};
/* End PBXVariantGroup section */

/* Begin XCBuildConfiguration section */
		23765FEC2C27B4A00073EC0C /* Debug */ = {
			isa = XCBuildConfiguration;
			buildSettings = {
				ALWAYS_EMBED_SWIFT_STANDARD_LIBRARIES = YES;
				ASSETCATALOG_COMPILER_APPICON_NAME = AppIcon;
				ASSETCATALOG_COMPILER_GLOBAL_ACCENT_COLOR_NAME = AccentColor;
				CODE_SIGN_STYLE = Automatic;
				CURRENT_PROJECT_VERSION = 1;
				DEVELOPMENT_TEAM = QA4CJ37HE5;
				GENERATE_INFOPLIST_FILE = YES;
				INFOPLIST_FILE = TStripeQs/Info.plist;
				INFOPLIST_KEY_UIApplicationSupportsIndirectInputEvents = YES;
				INFOPLIST_KEY_UILaunchStoryboardName = LaunchScreen;
				INFOPLIST_KEY_UIMainStoryboardFile = Main;
				INFOPLIST_KEY_UISupportedInterfaceOrientations_iPad = "UIInterfaceOrientationPortrait UIInterfaceOrientationPortraitUpsideDown UIInterfaceOrientationLandscapeLeft UIInterfaceOrientationLandscapeRight";
				INFOPLIST_KEY_UISupportedInterfaceOrientations_iPhone = "UIInterfaceOrientationPortrait UIInterfaceOrientationLandscapeLeft UIInterfaceOrientationLandscapeRight";
				IPHONEOS_DEPLOYMENT_TARGET = 15.0;
				LD_RUNPATH_SEARCH_PATHS = (
					"$(inherited)",
					"@executable_path/Frameworks",
				);
				MARKETING_VERSION = 1.0;
				PRODUCT_BUNDLE_IDENTIFIER = dev.tuyentv.TStripeQs;
				PRODUCT_NAME = "$(TARGET_NAME)";
				SWIFT_EMIT_LOC_STRINGS = YES;
				TARGETED_DEVICE_FAMILY = "1,2";
			};
			name = Debug;
		};
		23765FED2C27B4A00073EC0C /* Release */ = {
			isa = XCBuildConfiguration;
			buildSettings = {
				ALWAYS_EMBED_SWIFT_STANDARD_LIBRARIES = YES;
				ASSETCATALOG_COMPILER_APPICON_NAME = AppIcon;
				ASSETCATALOG_COMPILER_GLOBAL_ACCENT_COLOR_NAME = AccentColor;
				CODE_SIGN_STYLE = Automatic;
				CURRENT_PROJECT_VERSION = 1;
				DEVELOPMENT_TEAM = QA4CJ37HE5;
				GENERATE_INFOPLIST_FILE = YES;
				INFOPLIST_FILE = TStripeQs/Info.plist;
				INFOPLIST_KEY_UIApplicationSupportsIndirectInputEvents = YES;
				INFOPLIST_KEY_UILaunchStoryboardName = LaunchScreen;
				INFOPLIST_KEY_UIMainStoryboardFile = Main;
				INFOPLIST_KEY_UISupportedInterfaceOrientations_iPad = "UIInterfaceOrientationPortrait UIInterfaceOrientationPortraitUpsideDown UIInterfaceOrientationLandscapeLeft UIInterfaceOrientationLandscapeRight";
				INFOPLIST_KEY_UISupportedInterfaceOrientations_iPhone = "UIInterfaceOrientationPortrait UIInterfaceOrientationLandscapeLeft UIInterfaceOrientationLandscapeRight";
				IPHONEOS_DEPLOYMENT_TARGET = 15.0;
				LD_RUNPATH_SEARCH_PATHS = (
					"$(inherited)",
					"@executable_path/Frameworks",
				);
				MARKETING_VERSION = 1.0;
				PRODUCT_BUNDLE_IDENTIFIER = dev.tuyentv.TStripeQs;
				PRODUCT_NAME = "$(TARGET_NAME)";
				SWIFT_EMIT_LOC_STRINGS = YES;
				TARGETED_DEVICE_FAMILY = "1,2";
			};
			name = Release;
		};
		237660132C27C0660073EC0C /* Debug */ = {
			isa = XCBuildConfiguration;
			buildSettings = {
				BUILD_LIBRARY_FOR_DISTRIBUTION = YES;
				CLANG_ENABLE_MODULES = YES;
				CLANG_WARN_QUOTED_INCLUDE_IN_FRAMEWORK_HEADER = NO;
				CODE_SIGN_STYLE = Automatic;
				CURRENT_PROJECT_VERSION = 23.27.6;
				DEFINES_MODULE = YES;
				DEVELOPMENT_TEAM = QA4CJ37HE5;
				DYLIB_COMPATIBILITY_VERSION = 1;
				DYLIB_CURRENT_VERSION = 1;
				DYLIB_INSTALL_NAME_BASE = "@rpath";
				ENABLE_MODULE_VERIFIER = NO;
				GENERATE_INFOPLIST_FILE = YES;
				INFOPLIST_KEY_NSHumanReadableCopyright = "";
				INSTALL_PATH = "$(LOCAL_LIBRARY_DIR)/Frameworks";
				IPHONEOS_DEPLOYMENT_TARGET = 15.0;
				LD_RUNPATH_SEARCH_PATHS = (
					"$(inherited)",
					"@executable_path/Frameworks",
					"@loader_path/Frameworks",
				);
				MARKETING_VERSION = 23.27.6;
				MODULE_VERIFIER_SUPPORTED_LANGUAGES = "objective-c";
				MODULE_VERIFIER_SUPPORTED_LANGUAGE_STANDARDS = "";
				PRODUCT_BUNDLE_IDENTIFIER = dev.tuyentv.TVStripePaymentSheet;
				PRODUCT_NAME = "$(TARGET_NAME:c99extidentifier)";
				SKIP_INSTALL = YES;
				SWIFT_EMIT_LOC_STRINGS = YES;
				SWIFT_INSTALL_OBJC_HEADER = YES;
				SWIFT_OPTIMIZATION_LEVEL = "-Onone";
				SWIFT_VERSION = 5.0;
				TARGETED_DEVICE_FAMILY = "1,2";
			};
			name = Debug;
		};
		237660142C27C0660073EC0C /* Release */ = {
			isa = XCBuildConfiguration;
			buildSettings = {
				BUILD_LIBRARY_FOR_DISTRIBUTION = YES;
				CLANG_ENABLE_MODULES = YES;
				CLANG_WARN_QUOTED_INCLUDE_IN_FRAMEWORK_HEADER = NO;
				CODE_SIGN_STYLE = Automatic;
				CURRENT_PROJECT_VERSION = 23.27.6;
				DEFINES_MODULE = YES;
				DEVELOPMENT_TEAM = QA4CJ37HE5;
				DYLIB_COMPATIBILITY_VERSION = 1;
				DYLIB_CURRENT_VERSION = 1;
				DYLIB_INSTALL_NAME_BASE = "@rpath";
				ENABLE_MODULE_VERIFIER = NO;
				GENERATE_INFOPLIST_FILE = YES;
				INFOPLIST_KEY_NSHumanReadableCopyright = "";
				INSTALL_PATH = "$(LOCAL_LIBRARY_DIR)/Frameworks";
				IPHONEOS_DEPLOYMENT_TARGET = 15.0;
				LD_RUNPATH_SEARCH_PATHS = (
					"$(inherited)",
					"@executable_path/Frameworks",
					"@loader_path/Frameworks",
				);
				MARKETING_VERSION = 23.27.6;
				MODULE_VERIFIER_SUPPORTED_LANGUAGES = "objective-c";
				MODULE_VERIFIER_SUPPORTED_LANGUAGE_STANDARDS = "";
				PRODUCT_BUNDLE_IDENTIFIER = dev.tuyentv.TVStripePaymentSheet;
				PRODUCT_NAME = "$(TARGET_NAME:c99extidentifier)";
				SKIP_INSTALL = YES;
				SWIFT_EMIT_LOC_STRINGS = YES;
				SWIFT_INSTALL_OBJC_HEADER = YES;
				SWIFT_VERSION = 5.0;
				TARGETED_DEVICE_FAMILY = "1,2";
			};
			name = Release;
		};
		239C8BB92C25E8EE0078FE2A /* Debug */ = {
			isa = XCBuildConfiguration;
			buildSettings = {
				ALWAYS_SEARCH_USER_PATHS = NO;
				ASSETCATALOG_COMPILER_GENERATE_SWIFT_ASSET_SYMBOL_EXTENSIONS = YES;
				CLANG_ANALYZER_NONNULL = YES;
				CLANG_ANALYZER_NUMBER_OBJECT_CONVERSION = YES_AGGRESSIVE;
				CLANG_CXX_LANGUAGE_STANDARD = "gnu++20";
				CLANG_ENABLE_MODULES = YES;
				CLANG_ENABLE_OBJC_ARC = YES;
				CLANG_ENABLE_OBJC_WEAK = YES;
				CLANG_WARN_BLOCK_CAPTURE_AUTORELEASING = YES;
				CLANG_WARN_BOOL_CONVERSION = YES;
				CLANG_WARN_COMMA = YES;
				CLANG_WARN_CONSTANT_CONVERSION = YES;
				CLANG_WARN_DEPRECATED_OBJC_IMPLEMENTATIONS = YES;
				CLANG_WARN_DIRECT_OBJC_ISA_USAGE = YES_ERROR;
				CLANG_WARN_DOCUMENTATION_COMMENTS = YES;
				CLANG_WARN_EMPTY_BODY = YES;
				CLANG_WARN_ENUM_CONVERSION = YES;
				CLANG_WARN_INFINITE_RECURSION = YES;
				CLANG_WARN_INT_CONVERSION = YES;
				CLANG_WARN_NON_LITERAL_NULL_CONVERSION = YES;
				CLANG_WARN_OBJC_IMPLICIT_RETAIN_SELF = YES;
				CLANG_WARN_OBJC_LITERAL_CONVERSION = YES;
				CLANG_WARN_OBJC_ROOT_CLASS = YES_ERROR;
				CLANG_WARN_QUOTED_INCLUDE_IN_FRAMEWORK_HEADER = YES;
				CLANG_WARN_RANGE_LOOP_ANALYSIS = YES;
				CLANG_WARN_STRICT_PROTOTYPES = YES;
				CLANG_WARN_SUSPICIOUS_MOVE = YES;
				CLANG_WARN_UNGUARDED_AVAILABILITY = YES_AGGRESSIVE;
				CLANG_WARN_UNREACHABLE_CODE = YES;
				CLANG_WARN__DUPLICATE_METHOD_MATCH = YES;
				COPY_PHASE_STRIP = NO;
				CURRENT_PROJECT_VERSION = 1;
				DEBUG_INFORMATION_FORMAT = dwarf;
				ENABLE_STRICT_OBJC_MSGSEND = YES;
				ENABLE_TESTABILITY = YES;
				ENABLE_USER_SCRIPT_SANDBOXING = YES;
				GCC_C_LANGUAGE_STANDARD = gnu17;
				GCC_DYNAMIC_NO_PIC = NO;
				GCC_NO_COMMON_BLOCKS = YES;
				GCC_OPTIMIZATION_LEVEL = 0;
				GCC_PREPROCESSOR_DEFINITIONS = (
					"DEBUG=1",
					"$(inherited)",
				);
				GCC_WARN_64_TO_32_BIT_CONVERSION = YES;
				GCC_WARN_ABOUT_RETURN_TYPE = YES_ERROR;
				GCC_WARN_UNDECLARED_SELECTOR = YES;
				GCC_WARN_UNINITIALIZED_AUTOS = YES_AGGRESSIVE;
				GCC_WARN_UNUSED_FUNCTION = YES;
				GCC_WARN_UNUSED_VARIABLE = YES;
				IPHONEOS_DEPLOYMENT_TARGET = 15.0;
				LOCALIZATION_PREFERS_STRING_CATALOGS = YES;
				MTL_ENABLE_DEBUG_INFO = INCLUDE_SOURCE;
				MTL_FAST_MATH = YES;
				ONLY_ACTIVE_ARCH = YES;
				SDKROOT = iphoneos;
				SWIFT_ACTIVE_COMPILATION_CONDITIONS = "DEBUG $(inherited)";
				SWIFT_OPTIMIZATION_LEVEL = "-Onone";
				VERSIONING_SYSTEM = "apple-generic";
				VERSION_INFO_PREFIX = "";
			};
			name = Debug;
		};
		239C8BBA2C25E8EE0078FE2A /* Release */ = {
			isa = XCBuildConfiguration;
			buildSettings = {
				ALWAYS_SEARCH_USER_PATHS = NO;
				ASSETCATALOG_COMPILER_GENERATE_SWIFT_ASSET_SYMBOL_EXTENSIONS = YES;
				CLANG_ANALYZER_NONNULL = YES;
				CLANG_ANALYZER_NUMBER_OBJECT_CONVERSION = YES_AGGRESSIVE;
				CLANG_CXX_LANGUAGE_STANDARD = "gnu++20";
				CLANG_ENABLE_MODULES = YES;
				CLANG_ENABLE_OBJC_ARC = YES;
				CLANG_ENABLE_OBJC_WEAK = YES;
				CLANG_WARN_BLOCK_CAPTURE_AUTORELEASING = YES;
				CLANG_WARN_BOOL_CONVERSION = YES;
				CLANG_WARN_COMMA = YES;
				CLANG_WARN_CONSTANT_CONVERSION = YES;
				CLANG_WARN_DEPRECATED_OBJC_IMPLEMENTATIONS = YES;
				CLANG_WARN_DIRECT_OBJC_ISA_USAGE = YES_ERROR;
				CLANG_WARN_DOCUMENTATION_COMMENTS = YES;
				CLANG_WARN_EMPTY_BODY = YES;
				CLANG_WARN_ENUM_CONVERSION = YES;
				CLANG_WARN_INFINITE_RECURSION = YES;
				CLANG_WARN_INT_CONVERSION = YES;
				CLANG_WARN_NON_LITERAL_NULL_CONVERSION = YES;
				CLANG_WARN_OBJC_IMPLICIT_RETAIN_SELF = YES;
				CLANG_WARN_OBJC_LITERAL_CONVERSION = YES;
				CLANG_WARN_OBJC_ROOT_CLASS = YES_ERROR;
				CLANG_WARN_QUOTED_INCLUDE_IN_FRAMEWORK_HEADER = YES;
				CLANG_WARN_RANGE_LOOP_ANALYSIS = YES;
				CLANG_WARN_STRICT_PROTOTYPES = YES;
				CLANG_WARN_SUSPICIOUS_MOVE = YES;
				CLANG_WARN_UNGUARDED_AVAILABILITY = YES_AGGRESSIVE;
				CLANG_WARN_UNREACHABLE_CODE = YES;
				CLANG_WARN__DUPLICATE_METHOD_MATCH = YES;
				COPY_PHASE_STRIP = NO;
				CURRENT_PROJECT_VERSION = 1;
				DEBUG_INFORMATION_FORMAT = "dwarf-with-dsym";
				ENABLE_NS_ASSERTIONS = NO;
				ENABLE_STRICT_OBJC_MSGSEND = YES;
				ENABLE_USER_SCRIPT_SANDBOXING = YES;
				GCC_C_LANGUAGE_STANDARD = gnu17;
				GCC_NO_COMMON_BLOCKS = YES;
				GCC_WARN_64_TO_32_BIT_CONVERSION = YES;
				GCC_WARN_ABOUT_RETURN_TYPE = YES_ERROR;
				GCC_WARN_UNDECLARED_SELECTOR = YES;
				GCC_WARN_UNINITIALIZED_AUTOS = YES_AGGRESSIVE;
				GCC_WARN_UNUSED_FUNCTION = YES;
				GCC_WARN_UNUSED_VARIABLE = YES;
				IPHONEOS_DEPLOYMENT_TARGET = 15.0;
				LOCALIZATION_PREFERS_STRING_CATALOGS = YES;
				MTL_ENABLE_DEBUG_INFO = NO;
				MTL_FAST_MATH = YES;
				SDKROOT = iphoneos;
				SWIFT_COMPILATION_MODE = wholemodule;
				VALIDATE_PRODUCT = YES;
				VERSIONING_SYSTEM = "apple-generic";
				VERSION_INFO_PREFIX = "";
			};
			name = Release;
		};
/* End XCBuildConfiguration section */

/* Begin XCConfigurationList section */
		23765FEB2C27B4A00073EC0C /* Build configuration list for PBXNativeTarget "TStripeQs" */ = {
			isa = XCConfigurationList;
			buildConfigurations = (
				23765FEC2C27B4A00073EC0C /* Debug */,
				23765FED2C27B4A00073EC0C /* Release */,
			);
			defaultConfigurationIsVisible = 0;
			defaultConfigurationName = Release;
		};
		237660122C27C0660073EC0C /* Build configuration list for PBXNativeTarget "TVStripePaymentSheet" */ = {
			isa = XCConfigurationList;
			buildConfigurations = (
				237660132C27C0660073EC0C /* Debug */,
				237660142C27C0660073EC0C /* Release */,
			);
			defaultConfigurationIsVisible = 0;
			defaultConfigurationName = Release;
		};
		239C8BAE2C25E8EE0078FE2A /* Build configuration list for PBXProject "StripePaymentsheetObjC" */ = {
			isa = XCConfigurationList;
			buildConfigurations = (
				239C8BB92C25E8EE0078FE2A /* Debug */,
				239C8BBA2C25E8EE0078FE2A /* Release */,
			);
			defaultConfigurationIsVisible = 0;
			defaultConfigurationName = Release;
		};
/* End XCConfigurationList section */
	};
	rootObject = 239C8BAB2C25E8EE0078FE2A /* Project object */;
}
