PODS:
  - MBCaptureCore (1.2.3)
  - Stripe (23.27.1):
    - StripeApplePay (= 23.27.1)
    - StripeCore (= 23.27.1)
    - StripePayments (= 23.27.1)
    - StripePaymentsUI (= 23.27.1)
    - StripeUICore (= 23.27.1)
  - StripeApplePay (23.27.1):
    - StripeCore (= 23.27.1)
  - StripeCameraCore (23.27.1):
    - StripeCore (= 23.27.1)
  - StripeCardScan (23.27.1):
    - StripeCore (= 23.27.1)
  - StripeCore (23.27.1)
  - StripeFinancialConnections (23.27.1):
    - StripeCore (= 23.27.1)
    - StripeUICore (= 23.27.1)
  - StripeIdentity (23.27.1):
    - MBCaptureCore (= 1.2.3)
    - StripeCameraCore (= 23.27.1)
    - StripeCore (= 23.27.1)
    - StripeUICore (= 23.27.1)
  - StripePayments (23.27.1):
    - StripeCore (= 23.27.1)
    - StripePayments/Stripe3DS2 (= 23.27.1)
  - StripePayments/Stripe3DS2 (23.27.1):
    - StripeCore (= 23.27.1)
  - StripePaymentSheet (23.27.1):
    - StripeApplePay (= 23.27.1)
    - StripeCore (= 23.27.1)
    - StripePayments (= 23.27.1)
    - StripePaymentsUI (= 23.27.1)
  - StripePaymentsUI (23.27.1):
    - StripeCore (= 23.27.1)
    - StripePayments (= 23.27.1)
    - StripeUICore (= 23.27.1)
  - StripeUICore (23.27.1):
    - StripeCore (= 23.27.1)

DEPENDENCIES:
  - Stripe (= 23.27.1)
  - StripeCardScan (= 23.27.1)
  - StripeFinancialConnections (= 23.27.1)
  - StripeIdentity (= 23.27.1)
  - StripePaymentSheet (= 23.27.1)

SPEC REPOS:
  trunk:
    - MBCaptureCore
    - Stripe
    - StripeApplePay
    - StripeCameraCore
    - StripeCardScan
    - StripeCore
    - StripeFinancialConnections
    - StripeIdentity
    - StripePayments
    - StripePaymentSheet
    - StripePaymentsUI
    - StripeUICore

SPEC CHECKSUMS:
  MBCaptureCore: d203310df64db3bfcd0f3740be18638d467d2e04
  Stripe: f2bde666c4d38f32237145fd1f703ceec0a75c15
  StripeApplePay: 89943feba80f78c84b3a2741913fc19f8cb534cd
  StripeCameraCore: bd068824d98476bfe4536983aea65a7ce910afed
  StripeCardScan: d32627e018603a041f1a6e065279b169946122ae
  StripeCore: acb607d9f1bab7b8b57dd271f37353aae9e5e803
  StripeFinancialConnections: 225c96e226cc4797f31112304dc4e3eba99921ab
  StripeIdentity: 197ddd1c19fa7f0b195dd3957714a567c3719bb2
  StripePayments: 6516caea144600b2dbcb953b53b5a534e080340c
  StripePaymentSheet: dd98d76f204c55aee31c0b8fc8d8917cdf762e0e
  StripePaymentsUI: 15645d3ab6f140efda33b69d94607e8a813f8951
  StripeUICore: c60c85edb5e87ffc0cab05f4c808ca370dfde31c

PODFILE CHECKSUM: 2e6efbd13795336c4a3e1ab4056577b960a7b615

COCOAPODS: 1.15.2
